
Microsoft Visual Studio Solution File, Format Version 12.00
# Visual Studio Version 17
VisualStudioVersion = 17.14.36429.23 d17.14
MinimumVisualStudioVersion = 10.0.40219.1
Project("{FAE04EC0-301F-11D3-BF4B-00C04F79EFBC}") = "MoviesProject", "MoviesProject\MoviesProject.csproj", "{FEDCA405-F0C7-4D30-9570-B40674200AB2}"
EndProject
Project("{FAE04EC0-301F-11D3-BF4B-00C04F79EFBC}") = "Movies.API", "Movies.API\Movies.API.csproj", "{073A53EB-A626-48CD-9F3C-D911282DE457}"
EndProject
Global
	GlobalSection(SolutionConfigurationPlatforms) = preSolution
		Debug|Any CPU = Debug|Any CPU
		Release|Any CPU = Release|Any CPU
	EndGlobalSection
	GlobalSection(ProjectConfigurationPlatforms) = postSolution
		{FEDCA405-F0C7-4D30-9570-B40674200AB2}.Debug|Any CPU.ActiveCfg = Debug|Any CPU
		{FEDCA405-F0C7-4D30-9570-B40674200AB2}.Debug|Any CPU.Build.0 = Debug|Any CPU
		{FEDCA405-F0C7-4D30-9570-B40674200AB2}.Release|Any CPU.ActiveCfg = Release|Any CPU
		{FEDCA405-F0C7-4D30-9570-B40674200AB2}.Release|Any CPU.Build.0 = Release|Any CPU
		{073A53EB-A626-48CD-9F3C-D911282DE457}.Debug|Any CPU.ActiveCfg = Debug|Any CPU
		{073A53EB-A626-48CD-9F3C-D911282DE457}.Debug|Any CPU.Build.0 = Debug|Any CPU
		{073A53EB-A626-48CD-9F3C-D911282DE457}.Release|Any CPU.ActiveCfg = Release|Any CPU
		{073A53EB-A626-48CD-9F3C-D911282DE457}.Release|Any CPU.Build.0 = Release|Any CPU
	EndGlobalSection
	GlobalSection(SolutionProperties) = preSolution
		HideSolutionNode = FALSE
	EndGlobalSection
	GlobalSection(ExtensibilityGlobals) = postSolution
		SolutionGuid = {50FF9344-B7D2-49B9-B485-84AB3275BC0E}
	EndGlobalSection
EndGlobal
